// !$*UTF8*$!
{
	archiveVersion = 1;
	classes = {
	};
	objectVersion = 55;
	objects = {

/* Begin PBXBuildFile section */
		2A6565F7286AF70A0012BD32 /* AppDelegate.swift in Sources */ = {isa = PBXBuildFile; fileRef = 2A6565F6286AF70A0012BD32 /* AppDelegate.swift */; };
		2A6565F9286AF70A0012BD32 /* SceneDelegate.swift in Sources */ = {isa = PBXBuildFile; fileRef = 2A6565F8286AF70A0012BD32 /* SceneDelegate.swift */; };
		2A6565FE286AF70A0012BD32 /* Main.storyboard in Resources */ = {isa = PBXBuildFile; fileRef = 2A6565FC286AF70A0012BD32 /* Main.storyboard */; };
		2A656600286AF70C0012BD32 /* Assets.xcassets in Resources */ = {isa = PBXBuildFile; fileRef = 2A6565FF286AF70C0012BD32 /* Assets.xcassets */; };
		2A656603286AF70C0012BD32 /* LaunchScreen.storyboard in Resources */ = {isa = PBXBuildFile; fileRef = 2A656601286AF70C0012BD32 /* LaunchScreen.storyboard */; };
		2A65660F286AFB3B0012BD32 /* KOTRA_GOTHIC.ttf in Resources */ = {isa = PBXBuildFile; fileRef = 2A65660E286AFB040012BD32 /* KOTRA_GOTHIC.ttf */; };
		2A656613286B1F590012BD32 /* coin.json in Resources */ = {isa = PBXBuildFile; fileRef = 2A656612286B1F590012BD32 /* coin.json */; };
		2A65661A286B31680012BD32 /* CoinListVC.swift in Sources */ = {isa = PBXBuildFile; fileRef = 2A656618286B31680012BD32 /* CoinListVC.swift */; };
		2A65661B286B31680012BD32 /* CoinListTableViewCell.swift in Sources */ = {isa = PBXBuildFile; fileRef = 2A656619286B31680012BD32 /* CoinListTableViewCell.swift */; };
		2A65661D286B32660012BD32 /* CoinListEntity.swift in Sources */ = {isa = PBXBuildFile; fileRef = 2A65661C286B32660012BD32 /* CoinListEntity.swift */; };
		2A65661F286B327A0012BD32 /* CoinListModel.swift in Sources */ = {isa = PBXBuildFile; fileRef = 2A65661E286B327A0012BD32 /* CoinListModel.swift */; };
		2A656621286B32870012BD32 /* CoinListViewModel.swift in Sources */ = {isa = PBXBuildFile; fileRef = 2A656620286B32870012BD32 /* CoinListViewModel.swift */; };
		30C5EABD560A8F39C570973A /* Pods_MyCoin.framework in Frameworks */ = {isa = PBXBuildFile; fileRef = 615428B7EB4919D2569C191A /* Pods_MyCoin.framework */; };
/* End PBXBuildFile section */

/* Begin PBXFileReference section */
		11B8EF3E0E6910752B918A08 /* Pods-MyCoin.release.xcconfig */ = {isa = PBXFileReference; includeInIndex = 1; lastKnownFileType = text.xcconfig; name = "Pods-MyCoin.release.xcconfig"; path = "Target Support Files/Pods-MyCoin/Pods-MyCoin.release.xcconfig"; sourceTree = "<group>"; };
		2A6565F3286AF70A0012BD32 /* MyCoin.app */ = {isa = PBXFileReference; explicitFileType = wrapper.application; includeInIndex = 0; path = MyCoin.app; sourceTree = BUILT_PRODUCTS_DIR; };
		2A6565F6286AF70A0012BD32 /* AppDelegate.swift */ = {isa = PBXFileReference; lastKnownFileType = sourcecode.swift; path = AppDelegate.swift; sourceTree = "<group>"; };
		2A6565F8286AF70A0012BD32 /* SceneDelegate.swift */ = {isa = PBXFileReference; lastKnownFileType = sourcecode.swift; path = SceneDelegate.swift; sourceTree = "<group>"; };
		2A6565FD286AF70A0012BD32 /* Base */ = {isa = PBXFileReference; lastKnownFileType = file.storyboard; name = Base; path = Base.lproj/Main.storyboard; sourceTree = "<group>"; };
		2A6565FF286AF70C0012BD32 /* Assets.xcassets */ = {isa = PBXFileReference; lastKnownFileType = folder.assetcatalog; path = Assets.xcassets; sourceTree = "<group>"; };
		2A656602286AF70C0012BD32 /* Base */ = {isa = PBXFileReference; lastKnownFileType = file.storyboard; name = Base; path = Base.lproj/LaunchScreen.storyboard; sourceTree = "<group>"; };
		2A656604286AF70C0012BD32 /* Info.plist */ = {isa = PBXFileReference; lastKnownFileType = text.plist.xml; path = Info.plist; sourceTree = "<group>"; };
		2A65660E286AFB040012BD32 /* KOTRA_GOTHIC.ttf */ = {isa = PBXFileReference; lastKnownFileType = file; path = KOTRA_GOTHIC.ttf; sourceTree = "<group>"; };
		2A656612286B1F590012BD32 /* coin.json */ = {isa = PBXFileReference; fileEncoding = 4; lastKnownFileType = text.json; path = coin.json; sourceTree = "<group>"; };
		2A656618286B31680012BD32 /* CoinListVC.swift */ = {isa = PBXFileReference; fileEncoding = 4; lastKnownFileType = sourcecode.swift; name = CoinListVC.swift; path = View/CoinListVC.swift; sourceTree = "<group>"; };
		2A656619286B31680012BD32 /* CoinListTableViewCell.swift */ = {isa = PBXFileReference; fileEncoding = 4; lastKnownFileType = sourcecode.swift; name = CoinListTableViewCell.swift; path = View/CoinListTableViewCell.swift; sourceTree = "<group>"; };
		2A65661C286B32660012BD32 /* CoinListEntity.swift */ = {isa = PBXFileReference; lastKnownFileType = sourcecode.swift; path = CoinListEntity.swift; sourceTree = "<group>"; };
		2A65661E286B327A0012BD32 /* CoinListModel.swift */ = {isa = PBXFileReference; lastKnownFileType = sourcecode.swift; path = CoinListModel.swift; sourceTree = "<group>"; };
		2A656620286B32870012BD32 /* CoinListViewModel.swift */ = {isa = PBXFileReference; lastKnownFileType = sourcecode.swift; path = CoinListViewModel.swift; sourceTree = "<group>"; };
		615428B7EB4919D2569C191A /* Pods_MyCoin.framework */ = {isa = PBXFileReference; explicitFileType = wrapper.framework; includeInIndex = 0; path = Pods_MyCoin.framework; sourceTree = BUILT_PRODUCTS_DIR; };
		AEE1EEA68FD2176D3C9252DA /* Pods-MyCoin.debug.xcconfig */ = {isa = PBXFileReference; includeInIndex = 1; lastKnownFileType = text.xcconfig; name = "Pods-MyCoin.debug.xcconfig"; path = "Target Support Files/Pods-MyCoin/Pods-MyCoin.debug.xcconfig"; sourceTree = "<group>"; };
/* End PBXFileReference section */

/* Begin PBXFrameworksBuildPhase section */
		2A6565F0286AF70A0012BD32 /* Frameworks */ = {
			isa = PBXFrameworksBuildPhase;
			buildActionMask = 2147483647;
			files = (
				30C5EABD560A8F39C570973A /* Pods_MyCoin.framework in Frameworks */,
			);
			runOnlyForDeploymentPostprocessing = 0;
		};
/* End PBXFrameworksBuildPhase section */

/* Begin PBXGroup section */
		2A6565EA286AF70A0012BD32 = {
			isa = PBXGroup;
			children = (
				2A6565F5286AF70A0012BD32 /* MyCoin */,
				2A6565F4286AF70A0012BD32 /* Products */,
				F723778294D2C48E1401DB9D /* Pods */,
				C97827F956926A9E5DADC971 /* Frameworks */,
			);
			sourceTree = "<group>";
		};
		2A6565F4286AF70A0012BD32 /* Products */ = {
			isa = PBXGroup;
			children = (
				2A6565F3286AF70A0012BD32 /* MyCoin.app */,
			);
			name = Products;
			sourceTree = "<group>";
		};
		2A6565F5286AF70A0012BD32 /* MyCoin */ = {
			isa = PBXGroup;
			children = (
				2A65660D286AFAEB0012BD32 /* Model */,
				2A65660B286AFADB0012BD32 /* View */,
				2A65660C286AFAE40012BD32 /* ViewModel */,
				2A656611286B1F420012BD32 /* Style */,
				2A6565F6286AF70A0012BD32 /* AppDelegate.swift */,
				2A6565F8286AF70A0012BD32 /* SceneDelegate.swift */,
				2A6565FC286AF70A0012BD32 /* Main.storyboard */,
				2A6565FF286AF70C0012BD32 /* Assets.xcassets */,
				2A656601286AF70C0012BD32 /* LaunchScreen.storyboard */,
				2A656604286AF70C0012BD32 /* Info.plist */,
			);
			path = MyCoin;
			sourceTree = "<group>";
		};
		2A65660A286AFAD40012BD32 /* Font */ = {
			isa = PBXGroup;
			children = (
				2A65660E286AFB040012BD32 /* KOTRA_GOTHIC.ttf */,
			);
			path = Font;
			sourceTree = "<group>";
		};
		2A65660B286AFADB0012BD32 /* View */ = {
			isa = PBXGroup;
			children = (
				2A656619286B31680012BD32 /* CoinListTableViewCell.swift */,
				2A656618286B31680012BD32 /* CoinListVC.swift */,
			);
			name = View;
			sourceTree = "<group>";
		};
		2A65660C286AFAE40012BD32 /* ViewModel */ = {
			isa = PBXGroup;
			children = (
				2A656620286B32870012BD32 /* CoinListViewModel.swift */,
			);
			path = ViewModel;
			sourceTree = "<group>";
		};
		2A65660D286AFAEB0012BD32 /* Model */ = {
			isa = PBXGroup;
			children = (
				2A65661C286B32660012BD32 /* CoinListEntity.swift */,
				2A65661E286B327A0012BD32 /* CoinListModel.swift */,
			);
			path = Model;
			sourceTree = "<group>";
		};
		2A656610286B1F330012BD32 /* Lottie */ = {
			isa = PBXGroup;
			children = (
				2A656612286B1F590012BD32 /* coin.json */,
			);
			path = Lottie;
			sourceTree = "<group>";
		};
		2A656611286B1F420012BD32 /* Style */ = {
			isa = PBXGroup;
			children = (
				2A656610286B1F330012BD32 /* Lottie */,
				2A65660A286AFAD40012BD32 /* Font */,
			);
			path = Style;
			sourceTree = "<group>";
		};
		C97827F956926A9E5DADC971 /* Frameworks */ = {
			isa = PBXGroup;
			children = (
				615428B7EB4919D2569C191A /* Pods_MyCoin.framework */,
			);
			name = Frameworks;
			sourceTree = "<group>";
		};
		F723778294D2C48E1401DB9D /* Pods */ = {
			isa = PBXGroup;
			children = (
				AEE1EEA68FD2176D3C9252DA /* Pods-MyCoin.debug.xcconfig */,
				11B8EF3E0E6910752B918A08 /* Pods-MyCoin.release.xcconfig */,
			);
			path = Pods;
			sourceTree = "<group>";
		};
/* End PBXGroup section */

/* Begin PBXNativeTarget section */
		2A6565F2286AF70A0012BD32 /* MyCoin */ = {
			isa = PBXNativeTarget;
			buildConfigurationList = 2A656607286AF70C0012BD32 /* Build configuration list for PBXNativeTarget "MyCoin" */;
			buildPhases = (
				0FBCA60174F21A82B184CBB1 /* [CP] Check Pods Manifest.lock */,
				2A6565EF286AF70A0012BD32 /* Sources */,
				2A6565F0286AF70A0012BD32 /* Frameworks */,
				2A6565F1286AF70A0012BD32 /* Resources */,
				C240BA0B5C2DA6763B0F1C9E /* [CP] Embed Pods Frameworks */,
			);
			buildRules = (
			);
			dependencies = (
			);
			name = MyCoin;
			productName = MyCoin;
			productReference = 2A6565F3286AF70A0012BD32 /* MyCoin.app */;
			productType = "com.apple.product-type.application";
		};
/* End PBXNativeTarget section */

/* Begin PBXProject section */
		2A6565EB286AF70A0012BD32 /* Project object */ = {
			isa = PBXProject;
			attributes = {
				BuildIndependentTargetsInParallel = 1;
				LastSwiftUpdateCheck = 1330;
				LastUpgradeCheck = 1330;
				TargetAttributes = {
					2A6565F2286AF70A0012BD32 = {
						CreatedOnToolsVersion = 13.3;
					};
				};
			};
			buildConfigurationList = 2A6565EE286AF70A0012BD32 /* Build configuration list for PBXProject "MyCoin" */;
			compatibilityVersion = "Xcode 13.0";
			developmentRegion = en;
			hasScannedForEncodings = 0;
			knownRegions = (
				en,
				Base,
			);
			mainGroup = 2A6565EA286AF70A0012BD32;
			productRefGroup = 2A6565F4286AF70A0012BD32 /* Products */;
			projectDirPath = "";
			projectRoot = "";
			targets = (
				2A6565F2286AF70A0012BD32 /* MyCoin */,
			);
		};
/* End PBXProject section */

/* Begin PBXResourcesBuildPhase section */
		2A6565F1286AF70A0012BD32 /* Resources */ = {
			isa = PBXResourcesBuildPhase;
			buildActionMask = 2147483647;
			files = (
				2A656603286AF70C0012BD32 /* LaunchScreen.storyboard in Resources */,
				2A656613286B1F590012BD32 /* coin.json in Resources */,
				2A656600286AF70C0012BD32 /* Assets.xcassets in Resources */,
				2A65660F286AFB3B0012BD32 /* KOTRA_GOTHIC.ttf in Resources */,
				2A6565FE286AF70A0012BD32 /* Main.storyboard in Resources */,
			);
			runOnlyForDeploymentPostprocessing = 0;
		};
/* End PBXResourcesBuildPhase section */

/* Begin PBXShellScriptBuildPhase section */
		0FBCA60174F21A82B184CBB1 /* [CP] Check Pods Manifest.lock */ = {
			isa = PBXShellScriptBuildPhase;
			buildActionMask = 2147483647;
			files = (
			);
			inputFileListPaths = (
			);
			inputPaths = (
				"${PODS_PODFILE_DIR_PATH}/Podfile.lock",
				"${PODS_ROOT}/Manifest.lock",
			);
			name = "[CP] Check Pods Manifest.lock";
			outputFileListPaths = (
			);
			outputPaths = (
				"$(DERIVED_FILE_DIR)/Pods-MyCoin-checkManifestLockResult.txt",
			);
			runOnlyForDeploymentPostprocessing = 0;
			shellPath = /bin/sh;
			shellScript = "diff \"${PODS_PODFILE_DIR_PATH}/Podfile.lock\" \"${PODS_ROOT}/Manifest.lock\" > /dev/null\nif [ $? != 0 ] ; then\n    # print error to STDERR\n    echo \"error: The sandbox is not in sync with the Podfile.lock. Run 'pod install' or update your CocoaPods installation.\" >&2\n    exit 1\nfi\n# This output is used by Xcode 'outputs' to avoid re-running this script phase.\necho \"SUCCESS\" > \"${SCRIPT_OUTPUT_FILE_0}\"\n";
			showEnvVarsInLog = 0;
		};
		C240BA0B5C2DA6763B0F1C9E /* [CP] Embed Pods Frameworks */ = {
			isa = PBXShellScriptBuildPhase;
			buildActionMask = 2147483647;
			files = (
			);
			inputFileListPaths = (
				"${PODS_ROOT}/Target Support Files/Pods-MyCoin/Pods-MyCoin-frameworks-${CONFIGURATION}-input-files.xcfilelist",
			);
			name = "[CP] Embed Pods Frameworks";
			outputFileListPaths = (
				"${PODS_ROOT}/Target Support Files/Pods-MyCoin/Pods-MyCoin-frameworks-${CONFIGURATION}-output-files.xcfilelist",
			);
			runOnlyForDeploymentPostprocessing = 0;
			shellPath = /bin/sh;
			shellScript = "\"${PODS_ROOT}/Target Support Files/Pods-MyCoin/Pods-MyCoin-frameworks.sh\"\n";
			showEnvVarsInLog = 0;
		};
/* End PBXShellScriptBuildPhase section */

/* Begin PBXSourcesBuildPhase section */
		2A6565EF286AF70A0012BD32 /* Sources */ = {
			isa = PBXSourcesBuildPhase;
			buildActionMask = 2147483647;
			files = (
				2A65661F286B327A0012BD32 /* CoinListModel.swift in Sources */,
				2A65661A286B31680012BD32 /* CoinListVC.swift in Sources */,
				2A6565F7286AF70A0012BD32 /* AppDelegate.swift in Sources */,
				2A65661B286B31680012BD32 /* CoinListTableViewCell.swift in Sources */,
				2A65661D286B32660012BD32 /* CoinListEntity.swift in Sources */,
				2A6565F9286AF70A0012BD32 /* SceneDelegate.swift in Sources */,
				2A656621286B32870012BD32 /* CoinListViewModel.swift in Sources */,
			);
			runOnlyForDeploymentPostprocessing = 0;
		};
/* End PBXSourcesBuildPhase section */

/* Begin PBXVariantGroup section */
		2A6565FC286AF70A0012BD32 /* Main.storyboard */ = {
			isa = PBXVariantGroup;
			children = (
				2A6565FD286AF70A0012BD32 /* Base */,
			);
			name = Main.storyboard;
			sourceTree = "<group>";
		};
		2A656601286AF70C0012BD32 /* LaunchScreen.storyboard */ = {
			isa = PBXVariantGroup;
			children = (
				2A656602286AF70C0012BD32 /* Base */,
			);
			name = LaunchScreen.storyboard;
			sourceTree = "<group>";
		};
/* End PBXVariantGroup section */

/* Begin XCBuildConfiguration section */
		2A656605286AF70C0012BD32 /* Debug */ = {
			isa = XCBuildConfiguration;
			buildSettings = {
				ALWAYS_SEARCH_USER_PATHS = NO;
				CLANG_ANALYZER_NONNULL = YES;
				CLANG_ANALYZER_NUMBER_OBJECT_CONVERSION = YES_AGGRESSIVE;
				CLANG_CXX_LANGUAGE_STANDARD = "gnu++17";
				CLANG_ENABLE_MODULES = YES;
				CLANG_ENABLE_OBJC_ARC = YES;
				CLANG_ENABLE_OBJC_WEAK = YES;
				CLANG_WARN_BLOCK_CAPTURE_AUTORELEASING = YES;
				CLANG_WARN_BOOL_CONVERSION = YES;
				CLANG_WARN_COMMA = YES;
				CLANG_WARN_CONSTANT_CONVERSION = YES;
				CLANG_WARN_DEPRECATED_OBJC_IMPLEMENTATIONS = YES;
				CLANG_WARN_DIRECT_OBJC_ISA_USAGE = YES_ERROR;
				CLANG_WARN_DOCUMENTATION_COMMENTS = YES;
				CLANG_WARN_EMPTY_BODY = YES;
				CLANG_WARN_ENUM_CONVERSION = YES;
				CLANG_WARN_INFINITE_RECURSION = YES;
				CLANG_WARN_INT_CONVERSION = YES;
				CLANG_WARN_NON_LITERAL_NULL_CONVERSION = YES;
				CLANG_WARN_OBJC_IMPLICIT_RETAIN_SELF = YES;
				CLANG_WARN_OBJC_LITERAL_CONVERSION = YES;
				CLANG_WARN_OBJC_ROOT_CLASS = YES_ERROR;
				CLANG_WARN_QUOTED_INCLUDE_IN_FRAMEWORK_HEADER = YES;
				CLANG_WARN_RANGE_LOOP_ANALYSIS = YES;
				CLANG_WARN_STRICT_PROTOTYPES = YES;
				CLANG_WARN_SUSPICIOUS_MOVE = YES;
				CLANG_WARN_UNGUARDED_AVAILABILITY = YES_AGGRESSIVE;
				CLANG_WARN_UNREACHABLE_CODE = YES;
				CLANG_WARN__DUPLICATE_METHOD_MATCH = YES;
				COPY_PHASE_STRIP = NO;
				DEBUG_INFORMATION_FORMAT = dwarf;
				ENABLE_STRICT_OBJC_MSGSEND = YES;
				ENABLE_TESTABILITY = YES;
				GCC_C_LANGUAGE_STANDARD = gnu11;
				GCC_DYNAMIC_NO_PIC = NO;
				GCC_NO_COMMON_BLOCKS = YES;
				GCC_OPTIMIZATION_LEVEL = 0;
				GCC_PREPROCESSOR_DEFINITIONS = (
					"DEBUG=1",
					"$(inherited)",
				);
				GCC_WARN_64_TO_32_BIT_CONVERSION = YES;
				GCC_WARN_ABOUT_RETURN_TYPE = YES_ERROR;
				GCC_WARN_UNDECLARED_SELECTOR = YES;
				GCC_WARN_UNINITIALIZED_AUTOS = YES_AGGRESSIVE;
				GCC_WARN_UNUSED_FUNCTION = YES;
				GCC_WARN_UNUSED_VARIABLE = YES;
				IPHONEOS_DEPLOYMENT_TARGET = 15.4;
				MTL_ENABLE_DEBUG_INFO = INCLUDE_SOURCE;
				MTL_FAST_MATH = YES;
				ONLY_ACTIVE_ARCH = YES;
				SDKROOT = iphoneos;
				SWIFT_ACTIVE_COMPILATION_CONDITIONS = DEBUG;
				SWIFT_OPTIMIZATION_LEVEL = "-Onone";
			};
			name = Debug;
		};
		2A656606286AF70C0012BD32 /* Release */ = {
			isa = XCBuildConfiguration;
			buildSettings = {
				ALWAYS_SEARCH_USER_PATHS = NO;
				CLANG_ANALYZER_NONNULL = YES;
				CLANG_ANALYZER_NUMBER_OBJECT_CONVERSION = YES_AGGRESSIVE;
				CLANG_CXX_LANGUAGE_STANDARD = "gnu++17";
				CLANG_ENABLE_MODULES = YES;
				CLANG_ENABLE_OBJC_ARC = YES;
				CLANG_ENABLE_OBJC_WEAK = YES;
				CLANG_WARN_BLOCK_CAPTURE_AUTORELEASING = YES;
				CLANG_WARN_BOOL_CONVERSION = YES;
				CLANG_WARN_COMMA = YES;
				CLANG_WARN_CONSTANT_CONVERSION = YES;
				CLANG_WARN_DEPRECATED_OBJC_IMPLEMENTATIONS = YES;
				CLANG_WARN_DIRECT_OBJC_ISA_USAGE = YES_ERROR;
				CLANG_WARN_DOCUMENTATION_COMMENTS = YES;
				CLANG_WARN_EMPTY_BODY = YES;
				CLANG_WARN_ENUM_CONVERSION = YES;
				CLANG_WARN_INFINITE_RECURSION = YES;
				CLANG_WARN_INT_CONVERSION = YES;
				CLANG_WARN_NON_LITERAL_NULL_CONVERSION = YES;
				CLANG_WARN_OBJC_IMPLICIT_RETAIN_SELF = YES;
				CLANG_WARN_OBJC_LITERAL_CONVERSION = YES;
				CLANG_WARN_OBJC_ROOT_CLASS = YES_ERROR;
				CLANG_WARN_QUOTED_INCLUDE_IN_FRAMEWORK_HEADER = YES;
				CLANG_WARN_RANGE_LOOP_ANALYSIS = YES;
				CLANG_WARN_STRICT_PROTOTYPES = YES;
				CLANG_WARN_SUSPICIOUS_MOVE = YES;
				CLANG_WARN_UNGUARDED_AVAILABILITY = YES_AGGRESSIVE;
				CLANG_WARN_UNREACHABLE_CODE = YES;
				CLANG_WARN__DUPLICATE_METHOD_MATCH = YES;
				COPY_PHASE_STRIP = NO;
				DEBUG_INFORMATION_FORMAT = "dwarf-with-dsym";
				ENABLE_NS_ASSERTIONS = NO;
				ENABLE_STRICT_OBJC_MSGSEND = YES;
				GCC_C_LANGUAGE_STANDARD = gnu11;
				GCC_NO_COMMON_BLOCKS = YES;
				GCC_WARN_64_TO_32_BIT_CONVERSION = YES;
				GCC_WARN_ABOUT_RETURN_TYPE = YES_ERROR;
				GCC_WARN_UNDECLARED_SELECTOR = YES;
				GCC_WARN_UNINITIALIZED_AUTOS = YES_AGGRESSIVE;
				GCC_WARN_UNUSED_FUNCTION = YES;
				GCC_WARN_UNUSED_VARIABLE = YES;
				IPHONEOS_DEPLOYMENT_TARGET = 15.4;
				MTL_ENABLE_DEBUG_INFO = NO;
				MTL_FAST_MATH = YES;
				SDKROOT = iphoneos;
				SWIFT_COMPILATION_MODE = wholemodule;
				SWIFT_OPTIMIZATION_LEVEL = "-O";
				VALIDATE_PRODUCT = YES;
			};
			name = Release;
		};
		2A656608286AF70C0012BD32 /* Debug */ = {
			isa = XCBuildConfiguration;
			baseConfigurationReference = AEE1EEA68FD2176D3C9252DA /* Pods-MyCoin.debug.xcconfig */;
			buildSettings = {
				ASSETCATALOG_COMPILER_APPICON_NAME = AppIcon;
				ASSETCATALOG_COMPILER_GLOBAL_ACCENT_COLOR_NAME = AccentColor;
				CODE_SIGN_STYLE = Automatic;
				CURRENT_PROJECT_VERSION = 1;
				DEVELOPMENT_TEAM = 68P2WV4DR3;
				GENERATE_INFOPLIST_FILE = YES;
				INFOPLIST_FILE = MyCoin/Info.plist;
				INFOPLIST_KEY_UIApplicationSupportsIndirectInputEvents = YES;
				INFOPLIST_KEY_UILaunchStoryboardName = LaunchScreen;
				INFOPLIST_KEY_UIMainStoryboardFile = Main;
				INFOPLIST_KEY_UISupportedInterfaceOrientations_iPad = "UIInterfaceOrientationPortrait UIInterfaceOrientationPortraitUpsideDown UIInterfaceOrientationLandscapeLeft UIInterfaceOrientationLandscapeRight";
				INFOPLIST_KEY_UISupportedInterfaceOrientations_iPhone = "UIInterfaceOrientationPortrait UIInterfaceOrientationLandscapeLeft UIInterfaceOrientationLandscapeRight";
				LD_RUNPATH_SEARCH_PATHS = (
					"$(inherited)",
					"@executable_path/Frameworks",
				);
				MARKETING_VERSION = 1.0;
				PRODUCT_BUNDLE_IDENTIFIER = com.lily.MyCoin;
				PRODUCT_NAME = "$(TARGET_NAME)";
				SWIFT_EMIT_LOC_STRINGS = YES;
				SWIFT_VERSION = 5.0;
				TARGETED_DEVICE_FAMILY = "1,2";
			};
			name = Debug;
		};
		2A656609286AF70C0012BD32 /* Release */ = {
			isa = XCBuildConfiguration;
			baseConfigurationReference = 11B8EF3E0E6910752B918A08 /* Pods-MyCoin.release.xcconfig */;
			buildSettings = {
				ASSETCATALOG_COMPILER_APPICON_NAME = AppIcon;
				ASSETCATALOG_COMPILER_GLOBAL_ACCENT_COLOR_NAME = AccentColor;
				CODE_SIGN_STYLE = Automatic;
				CURRENT_PROJECT_VERSION = 1;
				DEVELOPMENT_TEAM = 68P2WV4DR3;
				GENERATE_INFOPLIST_FILE = YES;
				INFOPLIST_FILE = MyCoin/Info.plist;
				INFOPLIST_KEY_UIApplicationSupportsIndirectInputEvents = YES;
				INFOPLIST_KEY_UILaunchStoryboardName = LaunchScreen;
				INFOPLIST_KEY_UIMainStoryboardFile = Main;
				INFOPLIST_KEY_UISupportedInterfaceOrientations_iPad = "UIInterfaceOrientationPortrait UIInterfaceOrientationPortraitUpsideDown UIInterfaceOrientationLandscapeLeft UIInterfaceOrientationLandscapeRight";
				INFOPLIST_KEY_UISupportedInterfaceOrientations_iPhone = "UIInterfaceOrientationPortrait UIInterfaceOrientationLandscapeLeft UIInterfaceOrientationLandscapeRight";
				LD_RUNPATH_SEARCH_PATHS = (
					"$(inherited)",
					"@executable_path/Frameworks",
				);
				MARKETING_VERSION = 1.0;
				PRODUCT_BUNDLE_IDENTIFIER = com.lily.MyCoin;
				PRODUCT_NAME = "$(TARGET_NAME)";
				SWIFT_EMIT_LOC_STRINGS = YES;
				SWIFT_VERSION = 5.0;
				TARGETED_DEVICE_FAMILY = "1,2";
			};
			name = Release;
		};
/* End XCBuildConfiguration section */

/* Begin XCConfigurationList section */
		2A6565EE286AF70A0012BD32 /* Build configuration list for PBXProject "MyCoin" */ = {
			isa = XCConfigurationList;
			buildConfigurations = (
				2A656605286AF70C0012BD32 /* Debug */,
				2A656606286AF70C0012BD32 /* Release */,
			);
			defaultConfigurationIsVisible = 0;
			defaultConfigurationName = Release;
		};
		2A656607286AF70C0012BD32 /* Build configuration list for PBXNativeTarget "MyCoin" */ = {
			isa = XCConfigurationList;
			buildConfigurations = (
				2A656608286AF70C0012BD32 /* Debug */,
				2A656609286AF70C0012BD32 /* Release */,
			);
			defaultConfigurationIsVisible = 0;
			defaultConfigurationName = Release;
		};
/* End XCConfigurationList section */
	};
	rootObject = 2A6565EB286AF70A0012BD32 /* Project object */;
}
